// !$*UTF8*$!
{
	archiveVersion = 1;
	classes = {
	};
	objectVersion = 55;
	objects = {

/* Begin PBXBuildFile section */
		15B451D3271724EA004BEF0A /* AppDelegate.swift in Sources */ = {isa = PBXBuildFile; fileRef = 15B451D2271724EA004BEF0A /* AppDelegate.swift */; };
		15B451D5271724EA004BEF0A /* SceneDelegate.swift in Sources */ = {isa = PBXBuildFile; fileRef = 15B451D4271724EA004BEF0A /* SceneDelegate.swift */; };
		15B451D7271724EA004BEF0A /* MainScreenViewController.swift in Sources */ = {isa = PBXBuildFile; fileRef = 15B451D6271724EA004BEF0A /* MainScreenViewController.swift */; };
		15B451DC271724EB004BEF0A /* Assets.xcassets in Resources */ = {isa = PBXBuildFile; fileRef = 15B451DB271724EB004BEF0A /* Assets.xcassets */; };
		15B451E92717573D004BEF0A /* StartScreenViewController.swift in Sources */ = {isa = PBXBuildFile; fileRef = 15B451E82717573D004BEF0A /* StartScreenViewController.swift */; };
		9023AAF0271DF44300807077 /* CelluralAutomataUIView.swift in Sources */ = {isa = PBXBuildFile; fileRef = 9023AAEF271DF44300807077 /* CelluralAutomataUIView.swift */; };
		9024646F27394BD9009B2F56 /* UISelectFieldView.swift in Sources */ = {isa = PBXBuildFile; fileRef = 9024646E27394BD8009B2F56 /* UISelectFieldView.swift */; };
		9024647127398503009B2F56 /* NavbarExtention.swift in Sources */ = {isa = PBXBuildFile; fileRef = 9024647027398502009B2F56 /* NavbarExtention.swift */; };
		902464732739A145009B2F56 /* SelectFieldExtension.swift in Sources */ = {isa = PBXBuildFile; fileRef = 902464722739A145009B2F56 /* SelectFieldExtension.swift */; };
		902464752739A19D009B2F56 /* ToolbarExtension.swift in Sources */ = {isa = PBXBuildFile; fileRef = 902464742739A19D009B2F56 /* ToolbarExtension.swift */; };
		902464792739D784009B2F56 /* DeviceDataActionsExtension.swift in Sources */ = {isa = PBXBuildFile; fileRef = 902464782739D784009B2F56 /* DeviceDataActionsExtension.swift */; };
		9028BDE027722CC6006849F4 /* AppSettings.swift in Sources */ = {isa = PBXBuildFile; fileRef = 9028BDDF27722CC6006849F4 /* AppSettings.swift */; };
		905401DE276FA1C4008A2422 /* AutomataLibraryViewController.swift in Sources */ = {isa = PBXBuildFile; fileRef = 905401DD276FA1C4008A2422 /* AutomataLibraryViewController.swift */; };
		9081339E2779B06B007ACE1B /* LaunchScreenViewController.swift in Sources */ = {isa = PBXBuildFile; fileRef = 9081339D2779B06B007ACE1B /* LaunchScreenViewController.swift */; };
		90A8D9FE273B36E800AEE554 /* CellularAutomataSimulator in Frameworks */ = {isa = PBXBuildFile; productRef = 90A8D9FD273B36E800AEE554 /* CellularAutomataSimulator */; };
		90D87D07272F171C000D74B7 /* LaunchScreen.storyboard in Resources */ = {isa = PBXBuildFile; fileRef = 90D87D06272F171C000D74B7 /* LaunchScreen.storyboard */; };
		90E6DD57273AC7940024231A /* ColorThemeExtension.swift in Sources */ = {isa = PBXBuildFile; fileRef = 90E6DD56273AC7930024231A /* ColorThemeExtension.swift */; };
/* End PBXBuildFile section */

/* Begin PBXFileReference section */
		15B451D2271724EA004BEF0A /* AppDelegate.swift */ = {isa = PBXFileReference; lastKnownFileType = sourcecode.swift; path = AppDelegate.swift; sourceTree = "<group>"; };
		15B451D4271724EA004BEF0A /* SceneDelegate.swift */ = {isa = PBXFileReference; lastKnownFileType = sourcecode.swift; path = SceneDelegate.swift; sourceTree = "<group>"; };
		15B451D6271724EA004BEF0A /* MainScreenViewController.swift */ = {isa = PBXFileReference; lastKnownFileType = sourcecode.swift; path = MainScreenViewController.swift; sourceTree = "<group>"; };
		15B451DB271724EB004BEF0A /* Assets.xcassets */ = {isa = PBXFileReference; lastKnownFileType = folder.assetcatalog; path = Assets.xcassets; sourceTree = "<group>"; };
		15B451E0271724EB004BEF0A /* Info.plist */ = {isa = PBXFileReference; lastKnownFileType = text.plist.xml; path = Info.plist; sourceTree = "<group>"; };
		15B451E82717573D004BEF0A /* StartScreenViewController.swift */ = {isa = PBXFileReference; lastKnownFileType = sourcecode.swift; path = StartScreenViewController.swift; sourceTree = "<group>"; };
		9023AAEF271DF44300807077 /* CelluralAutomataUIView.swift */ = {isa = PBXFileReference; lastKnownFileType = sourcecode.swift; path = CelluralAutomataUIView.swift; sourceTree = "<group>"; };
		9024646E27394BD8009B2F56 /* UISelectFieldView.swift */ = {isa = PBXFileReference; lastKnownFileType = sourcecode.swift; path = UISelectFieldView.swift; sourceTree = "<group>"; };
		9024647027398502009B2F56 /* NavbarExtention.swift */ = {isa = PBXFileReference; lastKnownFileType = sourcecode.swift; path = NavbarExtention.swift; sourceTree = "<group>"; };
		902464722739A145009B2F56 /* SelectFieldExtension.swift */ = {isa = PBXFileReference; lastKnownFileType = sourcecode.swift; path = SelectFieldExtension.swift; sourceTree = "<group>"; };
		902464742739A19D009B2F56 /* ToolbarExtension.swift */ = {isa = PBXFileReference; lastKnownFileType = sourcecode.swift; path = ToolbarExtension.swift; sourceTree = "<group>"; };
		902464782739D784009B2F56 /* DeviceDataActionsExtension.swift */ = {isa = PBXFileReference; lastKnownFileType = sourcecode.swift; path = DeviceDataActionsExtension.swift; sourceTree = "<group>"; };
		9028BDDE277229F5006849F4 /* ios-itmo-2021-assignment-2.entitlements */ = {isa = PBXFileReference; lastKnownFileType = text.plist.entitlements; path = "ios-itmo-2021-assignment-2.entitlements"; sourceTree = "<group>"; };
		9028BDDF27722CC6006849F4 /* AppSettings.swift */ = {isa = PBXFileReference; lastKnownFileType = sourcecode.swift; path = AppSettings.swift; sourceTree = "<group>"; };
		905401DD276FA1C4008A2422 /* AutomataLibraryViewController.swift */ = {isa = PBXFileReference; lastKnownFileType = sourcecode.swift; path = AutomataLibraryViewController.swift; sourceTree = "<group>"; };
		9081339D2779B06B007ACE1B /* LaunchScreenViewController.swift */ = {isa = PBXFileReference; lastKnownFileType = sourcecode.swift; path = LaunchScreenViewController.swift; sourceTree = "<group>"; };
		90A8D9FC273B360B00AEE554 /* cellural-automata-package */ = {isa = PBXFileReference; lastKnownFileType = folder; path = "cellural-automata-package"; sourceTree = "<group>"; };
		90CC5A5D271E9EF4009BBB01 /* ios-itmo-2021-assignment-2.app */ = {isa = PBXFileReference; explicitFileType = wrapper.application; includeInIndex = 0; path = "ios-itmo-2021-assignment-2.app"; sourceTree = BUILT_PRODUCTS_DIR; };
		90D87D06272F171C000D74B7 /* LaunchScreen.storyboard */ = {isa = PBXFileReference; lastKnownFileType = file.storyboard; path = LaunchScreen.storyboard; sourceTree = "<group>"; };
		90E6DD56273AC7930024231A /* ColorThemeExtension.swift */ = {isa = PBXFileReference; lastKnownFileType = sourcecode.swift; path = ColorThemeExtension.swift; sourceTree = "<group>"; };
/* End PBXFileReference section */

/* Begin PBXFrameworksBuildPhase section */
		15B451CC271724EA004BEF0A /* Frameworks */ = {
			isa = PBXFrameworksBuildPhase;
			buildActionMask = 2147483647;
			files = (
				90A8D9FE273B36E800AEE554 /* CellularAutomataSimulator in Frameworks */,
			);
			runOnlyForDeploymentPostprocessing = 0;
		};
/* End PBXFrameworksBuildPhase section */

/* Begin PBXGroup section */
		15B451C6271724EA004BEF0A = {
			isa = PBXGroup;
			children = (
				9071E405271ED64100845C6F /* Packages */,
				15B451D1271724EA004BEF0A /* ios-itmo-2021-assignment-2 */,
				90CC5A5D271E9EF4009BBB01 /* ios-itmo-2021-assignment-2.app */,
				90A8D9F8273B352100AEE554 /* Frameworks */,
			);
			sourceTree = "<group>";
		};
		15B451D1271724EA004BEF0A /* ios-itmo-2021-assignment-2 */ = {
			isa = PBXGroup;
			children = (
				9028BDDE277229F5006849F4 /* ios-itmo-2021-assignment-2.entitlements */,
				15B451D2271724EA004BEF0A /* AppDelegate.swift */,
				15B451D4271724EA004BEF0A /* SceneDelegate.swift */,
				15B451D6271724EA004BEF0A /* MainScreenViewController.swift */,
				15B451E82717573D004BEF0A /* StartScreenViewController.swift */,
				15B451DB271724EB004BEF0A /* Assets.xcassets */,
				15B451E0271724EB004BEF0A /* Info.plist */,
				9023AAEF271DF44300807077 /* CelluralAutomataUIView.swift */,
				90D87D06272F171C000D74B7 /* LaunchScreen.storyboard */,
				9024646E27394BD8009B2F56 /* UISelectFieldView.swift */,
				9024647027398502009B2F56 /* NavbarExtention.swift */,
				902464722739A145009B2F56 /* SelectFieldExtension.swift */,
				902464742739A19D009B2F56 /* ToolbarExtension.swift */,
				902464782739D784009B2F56 /* DeviceDataActionsExtension.swift */,
				90E6DD56273AC7930024231A /* ColorThemeExtension.swift */,
				905401DD276FA1C4008A2422 /* AutomataLibraryViewController.swift */,
				9028BDDF27722CC6006849F4 /* AppSettings.swift */,
				9081339D2779B06B007ACE1B /* LaunchScreenViewController.swift */,
			);
			path = "ios-itmo-2021-assignment-2";
			sourceTree = "<group>";
		};
		9071E405271ED64100845C6F /* Packages */ = {
			isa = PBXGroup;
			children = (
				90A8D9FC273B360B00AEE554 /* cellural-automata-package */,
			);
			name = Packages;
			sourceTree = "<group>";
		};
		90A8D9F8273B352100AEE554 /* Frameworks */ = {
			isa = PBXGroup;
			children = (
			);
			name = Frameworks;
			sourceTree = "<group>";
		};
/* End PBXGroup section */

/* Begin PBXNativeTarget section */
		15B451CE271724EA004BEF0A /* ios-itmo-2021-assignment-2 */ = {
			isa = PBXNativeTarget;
			buildConfigurationList = 15B451E3271724EB004BEF0A /* Build configuration list for PBXNativeTarget "ios-itmo-2021-assignment-2" */;
			buildPhases = (
				15B451CB271724EA004BEF0A /* Sources */,
				15B451CC271724EA004BEF0A /* Frameworks */,
				15B451CD271724EA004BEF0A /* Resources */,
				90E6DD55273A59B40024231A /* ShellScript */,
			);
			buildRules = (
			);
			dependencies = (
			);
			name = "ios-itmo-2021-assignment-2";
			packageProductDependencies = (
				90A8D9FD273B36E800AEE554 /* CellularAutomataSimulator */,
			);
			productName = "ios-itmo-2021-assignment-2";
			productReference = 90CC5A5D271E9EF4009BBB01 /* ios-itmo-2021-assignment-2.app */;
			productType = "com.apple.product-type.application";
		};
/* End PBXNativeTarget section */

/* Begin PBXProject section */
		15B451C7271724EA004BEF0A /* Project object */ = {
			isa = PBXProject;
			attributes = {
				BuildIndependentTargetsInParallel = 1;
				LastSwiftUpdateCheck = 1300;
				LastUpgradeCheck = 1300;
				TargetAttributes = {
					15B451CE271724EA004BEF0A = {
						CreatedOnToolsVersion = 13.0;
					};
				};
			};
			buildConfigurationList = 15B451CA271724EA004BEF0A /* Build configuration list for PBXProject "ios-itmo-2021-assignment-2" */;
			compatibilityVersion = "Xcode 13.0";
			developmentRegion = en;
			hasScannedForEncodings = 0;
			knownRegions = (
				en,
				Base,
			);
			mainGroup = 15B451C6271724EA004BEF0A;
			productRefGroup = 15B451C6271724EA004BEF0A;
			projectDirPath = "";
			projectRoot = "";
			targets = (
				15B451CE271724EA004BEF0A /* ios-itmo-2021-assignment-2 */,
			);
		};
/* End PBXProject section */

/* Begin PBXResourcesBuildPhase section */
		15B451CD271724EA004BEF0A /* Resources */ = {
			isa = PBXResourcesBuildPhase;
			buildActionMask = 2147483647;
			files = (
				15B451DC271724EB004BEF0A /* Assets.xcassets in Resources */,
				90D87D07272F171C000D74B7 /* LaunchScreen.storyboard in Resources */,
			);
			runOnlyForDeploymentPostprocessing = 0;
		};
/* End PBXResourcesBuildPhase section */

/* Begin PBXShellScriptBuildPhase section */
		90E6DD55273A59B40024231A /* ShellScript */ = {
			isa = PBXShellScriptBuildPhase;
			buildActionMask = 2147483647;
			files = (
			);
			inputFileListPaths = (
			);
			inputPaths = (
			);
			outputFileListPaths = (
			);
			outputPaths = (
			);
			runOnlyForDeploymentPostprocessing = 0;
			shellPath = /bin/sh;
			shellScript = "#if which swiftlint >/dev/null; then\n # swiftlint\n#else\n # echo \"error: SwiftLint does not exist, download it from https://github.com/realm/SwiftLint\"\n  #exit 1\n#fi\n";
		};
/* End PBXShellScriptBuildPhase section */

/* Begin PBXSourcesBuildPhase section */
		15B451CB271724EA004BEF0A /* Sources */ = {
			isa = PBXSourcesBuildPhase;
			buildActionMask = 2147483647;
			files = (
				15B451D7271724EA004BEF0A /* MainScreenViewController.swift in Sources */,
				15B451D3271724EA004BEF0A /* AppDelegate.swift in Sources */,
				902464732739A145009B2F56 /* SelectFieldExtension.swift in Sources */,
				905401DE276FA1C4008A2422 /* AutomataLibraryViewController.swift in Sources */,
				90E6DD57273AC7940024231A /* ColorThemeExtension.swift in Sources */,
				15B451D5271724EA004BEF0A /* SceneDelegate.swift in Sources */,
				9081339E2779B06B007ACE1B /* LaunchScreenViewController.swift in Sources */,
				9024646F27394BD9009B2F56 /* UISelectFieldView.swift in Sources */,
				902464792739D784009B2F56 /* DeviceDataActionsExtension.swift in Sources */,
				9028BDE027722CC6006849F4 /* AppSettings.swift in Sources */,
				9024647127398503009B2F56 /* NavbarExtention.swift in Sources */,
				15B451E92717573D004BEF0A /* StartScreenViewController.swift in Sources */,
				9023AAF0271DF44300807077 /* CelluralAutomataUIView.swift in Sources */,
				902464752739A19D009B2F56 /* ToolbarExtension.swift in Sources */,
			);
			runOnlyForDeploymentPostprocessing = 0;
		};
/* End PBXSourcesBuildPhase section */

/* Begin XCBuildConfiguration section */
		15B451E1271724EB004BEF0A /* Debug */ = {
			isa = XCBuildConfiguration;
			buildSettings = {
				ALWAYS_SEARCH_USER_PATHS = NO;
				CLANG_ANALYZER_NONNULL = YES;
				CLANG_ANALYZER_NUMBER_OBJECT_CONVERSION = YES_AGGRESSIVE;
				CLANG_CXX_LANGUAGE_STANDARD = "gnu++17";
				CLANG_CXX_LIBRARY = "libc++";
				CLANG_ENABLE_MODULES = YES;
				CLANG_ENABLE_OBJC_ARC = YES;
				CLANG_ENABLE_OBJC_WEAK = YES;
				CLANG_WARN_BLOCK_CAPTURE_AUTORELEASING = YES;
				CLANG_WARN_BOOL_CONVERSION = YES;
				CLANG_WARN_COMMA = YES;
				CLANG_WARN_CONSTANT_CONVERSION = YES;
				CLANG_WARN_DEPRECATED_OBJC_IMPLEMENTATIONS = YES;
				CLANG_WARN_DIRECT_OBJC_ISA_USAGE = YES_ERROR;
				CLANG_WARN_DOCUMENTATION_COMMENTS = YES;
				CLANG_WARN_EMPTY_BODY = YES;
				CLANG_WARN_ENUM_CONVERSION = YES;
				CLANG_WARN_INFINITE_RECURSION = YES;
				CLANG_WARN_INT_CONVERSION = YES;
				CLANG_WARN_NON_LITERAL_NULL_CONVERSION = YES;
				CLANG_WARN_OBJC_IMPLICIT_RETAIN_SELF = YES;
				CLANG_WARN_OBJC_LITERAL_CONVERSION = YES;
				CLANG_WARN_OBJC_ROOT_CLASS = YES_ERROR;
				CLANG_WARN_QUOTED_INCLUDE_IN_FRAMEWORK_HEADER = YES;
				CLANG_WARN_RANGE_LOOP_ANALYSIS = YES;
				CLANG_WARN_STRICT_PROTOTYPES = YES;
				CLANG_WARN_SUSPICIOUS_MOVE = YES;
				CLANG_WARN_UNGUARDED_AVAILABILITY = YES_AGGRESSIVE;
				CLANG_WARN_UNREACHABLE_CODE = YES;
				CLANG_WARN__DUPLICATE_METHOD_MATCH = YES;
				COPY_PHASE_STRIP = NO;
				DEBUG_INFORMATION_FORMAT = dwarf;
				ENABLE_STRICT_OBJC_MSGSEND = YES;
				ENABLE_TESTABILITY = YES;
				ENABLE_TESTING_SEARCH_PATHS = YES;
				GCC_C_LANGUAGE_STANDARD = gnu11;
				GCC_DYNAMIC_NO_PIC = NO;
				GCC_NO_COMMON_BLOCKS = YES;
				GCC_OPTIMIZATION_LEVEL = 0;
				GCC_PREPROCESSOR_DEFINITIONS = (
					"DEBUG=1",
					"$(inherited)",
				);
				GCC_WARN_64_TO_32_BIT_CONVERSION = YES;
				GCC_WARN_ABOUT_RETURN_TYPE = YES_ERROR;
				GCC_WARN_UNDECLARED_SELECTOR = YES;
				GCC_WARN_UNINITIALIZED_AUTOS = YES_AGGRESSIVE;
				GCC_WARN_UNUSED_FUNCTION = YES;
				GCC_WARN_UNUSED_VARIABLE = YES;
				IPHONEOS_DEPLOYMENT_TARGET = 15.0;
				MTL_ENABLE_DEBUG_INFO = INCLUDE_SOURCE;
				MTL_FAST_MATH = YES;
				ONLY_ACTIVE_ARCH = YES;
				SDKROOT = iphoneos;
				SWIFT_ACTIVE_COMPILATION_CONDITIONS = DEBUG;
				SWIFT_OPTIMIZATION_LEVEL = "-Onone";
			};
			name = Debug;
		};
		15B451E2271724EB004BEF0A /* Release */ = {
			isa = XCBuildConfiguration;
			buildSettings = {
				ALWAYS_SEARCH_USER_PATHS = NO;
				CLANG_ANALYZER_NONNULL = YES;
				CLANG_ANALYZER_NUMBER_OBJECT_CONVERSION = YES_AGGRESSIVE;
				CLANG_CXX_LANGUAGE_STANDARD = "gnu++17";
				CLANG_CXX_LIBRARY = "libc++";
				CLANG_ENABLE_MODULES = YES;
				CLANG_ENABLE_OBJC_ARC = YES;
				CLANG_ENABLE_OBJC_WEAK = YES;
				CLANG_WARN_BLOCK_CAPTURE_AUTORELEASING = YES;
				CLANG_WARN_BOOL_CONVERSION = YES;
				CLANG_WARN_COMMA = YES;
				CLANG_WARN_CONSTANT_CONVERSION = YES;
				CLANG_WARN_DEPRECATED_OBJC_IMPLEMENTATIONS = YES;
				CLANG_WARN_DIRECT_OBJC_ISA_USAGE = YES_ERROR;
				CLANG_WARN_DOCUMENTATION_COMMENTS = YES;
				CLANG_WARN_EMPTY_BODY = YES;
				CLANG_WARN_ENUM_CONVERSION = YES;
				CLANG_WARN_INFINITE_RECURSION = YES;
				CLANG_WARN_INT_CONVERSION = YES;
				CLANG_WARN_NON_LITERAL_NULL_CONVERSION = YES;
				CLANG_WARN_OBJC_IMPLICIT_RETAIN_SELF = YES;
				CLANG_WARN_OBJC_LITERAL_CONVERSION = YES;
				CLANG_WARN_OBJC_ROOT_CLASS = YES_ERROR;
				CLANG_WARN_QUOTED_INCLUDE_IN_FRAMEWORK_HEADER = YES;
				CLANG_WARN_RANGE_LOOP_ANALYSIS = YES;
				CLANG_WARN_STRICT_PROTOTYPES = YES;
				CLANG_WARN_SUSPICIOUS_MOVE = YES;
				CLANG_WARN_UNGUARDED_AVAILABILITY = YES_AGGRESSIVE;
				CLANG_WARN_UNREACHABLE_CODE = YES;
				CLANG_WARN__DUPLICATE_METHOD_MATCH = YES;
				COPY_PHASE_STRIP = NO;
				DEBUG_INFORMATION_FORMAT = "dwarf-with-dsym";
				ENABLE_NS_ASSERTIONS = NO;
				ENABLE_STRICT_OBJC_MSGSEND = YES;
				ENABLE_TESTING_SEARCH_PATHS = YES;
				GCC_C_LANGUAGE_STANDARD = gnu11;
				GCC_NO_COMMON_BLOCKS = YES;
				GCC_WARN_64_TO_32_BIT_CONVERSION = YES;
				GCC_WARN_ABOUT_RETURN_TYPE = YES_ERROR;
				GCC_WARN_UNDECLARED_SELECTOR = YES;
				GCC_WARN_UNINITIALIZED_AUTOS = YES_AGGRESSIVE;
				GCC_WARN_UNUSED_FUNCTION = YES;
				GCC_WARN_UNUSED_VARIABLE = YES;
				IPHONEOS_DEPLOYMENT_TARGET = 15.0;
				MTL_ENABLE_DEBUG_INFO = NO;
				MTL_FAST_MATH = YES;
				SDKROOT = iphoneos;
				SWIFT_COMPILATION_MODE = wholemodule;
				SWIFT_OPTIMIZATION_LEVEL = "-O";
				VALIDATE_PRODUCT = YES;
			};
			name = Release;
		};
		15B451E4271724EB004BEF0A /* Debug */ = {
			isa = XCBuildConfiguration;
			buildSettings = {
				ASSETCATALOG_COMPILER_APPICON_NAME = AppIcon;
				ASSETCATALOG_COMPILER_GLOBAL_ACCENT_COLOR_NAME = AccentColor;
				CODE_SIGN_ENTITLEMENTS = "ios-itmo-2021-assignment-2/ios-itmo-2021-assignment-2.entitlements";
				CODE_SIGN_IDENTITY = "Apple Development";
				CODE_SIGN_STYLE = Automatic;
				CURRENT_PROJECT_VERSION = 1;
				DEVELOPMENT_TEAM = LU5ZGLY5RW;
				GENERATE_INFOPLIST_FILE = YES;
				INFOPLIST_FILE = "ios-itmo-2021-assignment-2/Info.plist";
				INFOPLIST_KEY_UIApplicationSupportsIndirectInputEvents = YES;
				INFOPLIST_KEY_UILaunchStoryboardName = LaunchScreen;
				INFOPLIST_KEY_UISupportedInterfaceOrientations_iPad = "UIInterfaceOrientationPortrait UIInterfaceOrientationPortraitUpsideDown UIInterfaceOrientationLandscapeLeft UIInterfaceOrientationLandscapeRight";
				INFOPLIST_KEY_UISupportedInterfaceOrientations_iPhone = "UIInterfaceOrientationPortrait UIInterfaceOrientationLandscapeLeft UIInterfaceOrientationLandscapeRight";
				IPHONEOS_DEPLOYMENT_TARGET = 15.0;
				LD_RUNPATH_SEARCH_PATHS = (
					"$(inherited)",
					"@executable_path/Frameworks",
				);
				MARKETING_VERSION = 1.0;
				PRODUCT_BUNDLE_IDENTIFIER = "teriaev.itmo.ios-itmo-2021-assignment-2";
				PRODUCT_NAME = "$(TARGET_NAME)";
				PROVISIONING_PROFILE_SPECIFIER = "";
				SWIFT_EMIT_LOC_STRINGS = YES;
				SWIFT_VERSION = 5.0;
				TARGETED_DEVICE_FAMILY = "1,2";
			};
			name = Debug;
		};
		15B451E5271724EB004BEF0A /* Release */ = {
			isa = XCBuildConfiguration;
			buildSettings = {
				ASSETCATALOG_COMPILER_APPICON_NAME = AppIcon;
				ASSETCATALOG_COMPILER_GLOBAL_ACCENT_COLOR_NAME = AccentColor;
				CODE_SIGN_ENTITLEMENTS = "ios-itmo-2021-assignment-2/ios-itmo-2021-assignment-2.entitlements";
				CODE_SIGN_IDENTITY = "Apple Development";
				CODE_SIGN_STYLE = Automatic;
				CURRENT_PROJECT_VERSION = 1;
				DEVELOPMENT_TEAM = LU5ZGLY5RW;
				GENERATE_INFOPLIST_FILE = YES;
				INFOPLIST_FILE = "ios-itmo-2021-assignment-2/Info.plist";
				INFOPLIST_KEY_UIApplicationSupportsIndirectInputEvents = YES;
				INFOPLIST_KEY_UILaunchStoryboardName = LaunchScreen;
				INFOPLIST_KEY_UISupportedInterfaceOrientations_iPad = "UIInterfaceOrientationPortrait UIInterfaceOrientationPortraitUpsideDown UIInterfaceOrientationLandscapeLeft UIInterfaceOrientationLandscapeRight";
				INFOPLIST_KEY_UISupportedInterfaceOrientations_iPhone = "UIInterfaceOrientationPortrait UIInterfaceOrientationLandscapeLeft UIInterfaceOrientationLandscapeRight";
				IPHONEOS_DEPLOYMENT_TARGET = 15.0;
				LD_RUNPATH_SEARCH_PATHS = (
					"$(inherited)",
					"@executable_path/Frameworks",
				);
				MARKETING_VERSION = 1.0;
				PRODUCT_BUNDLE_IDENTIFIER = "teriaev.itmo.ios-itmo-2021-assignment-2";
				PRODUCT_NAME = "$(TARGET_NAME)";
				PROVISIONING_PROFILE_SPECIFIER = "";
				SWIFT_EMIT_LOC_STRINGS = YES;
				SWIFT_VERSION = 5.0;
				TARGETED_DEVICE_FAMILY = "1,2";
			};
			name = Release;
		};
/* End XCBuildConfiguration section */

/* Begin XCConfigurationList section */
		15B451CA271724EA004BEF0A /* Build configuration list for PBXProject "ios-itmo-2021-assignment-2" */ = {
			isa = XCConfigurationList;
			buildConfigurations = (
				15B451E1271724EB004BEF0A /* Debug */,
				15B451E2271724EB004BEF0A /* Release */,
			);
			defaultConfigurationIsVisible = 0;
			defaultConfigurationName = Release;
		};
		15B451E3271724EB004BEF0A /* Build configuration list for PBXNativeTarget "ios-itmo-2021-assignment-2" */ = {
			isa = XCConfigurationList;
			buildConfigurations = (
				15B451E4271724EB004BEF0A /* Debug */,
				15B451E5271724EB004BEF0A /* Release */,
			);
			defaultConfigurationIsVisible = 0;
			defaultConfigurationName = Release;
		};
/* End XCConfigurationList section */

/* Begin XCSwiftPackageProductDependency section */
		90A8D9FD273B36E800AEE554 /* CellularAutomataSimulator */ = {
			isa = XCSwiftPackageProductDependency;
			productName = CellularAutomataSimulator;
		};
/* End XCSwiftPackageProductDependency section */
	};
	rootObject = 15B451C7271724EA004BEF0A /* Project object */;
}
